{
  "name": "workers-graphql-server",
  "version": "1.1.1",
  "lockfileVersion": 1,
  "requires": true,
  "dependencies": {
    "@apollo/protobufjs": {
      "version": "1.0.5",
      "resolved": "https://registry.npmjs.org/@apollo/protobufjs/-/protobufjs-1.0.5.tgz",
      "integrity": "sha512-ZtyaBH1icCgqwIGb3zrtopV2D5Q8yxibkJzlaViM08eOhTQc7rACdYu0pfORFfhllvdMZ3aq69vifYHszY4gNA==",
      "requires": {
        "@protobufjs/aspromise": "^1.1.2",
        "@protobufjs/base64": "^1.1.2",
        "@protobufjs/codegen": "^2.0.4",
        "@protobufjs/eventemitter": "^1.1.0",
        "@protobufjs/fetch": "^1.1.0",
        "@protobufjs/float": "^1.0.2",
        "@protobufjs/inquire": "^1.1.0",
        "@protobufjs/path": "^1.1.2",
        "@protobufjs/pool": "^1.1.0",
        "@protobufjs/utf8": "^1.1.0",
        "@types/long": "^4.0.0",
        "@types/node": "^10.1.0",
        "long": "^4.0.0"
      },
      "dependencies": {
        "@types/node": {
          "version": "10.17.28",
          "resolved": "https://registry.npmjs.org/@types/node/-/node-10.17.28.tgz",
          "integrity": "sha512-dzjES1Egb4c1a89C7lKwQh8pwjYmlOAG9dW1pBgxEk57tMrLnssOfEthz8kdkNaBd7lIqQx7APm5+mZ619IiCQ=="
        }
      }
    },
    "@protobufjs/aspromise": {
      "version": "1.1.2",
      "resolved": "https://registry.npmjs.org/@protobufjs/aspromise/-/aspromise-1.1.2.tgz",
      "integrity": "sha1-m4sMxmPWaafY9vXQiToU00jzD78="
    },
    "@protobufjs/base64": {
      "version": "1.1.2",
      "resolved": "https://registry.npmjs.org/@protobufjs/base64/-/base64-1.1.2.tgz",
      "integrity": "sha512-AZkcAA5vnN/v4PDqKyMR5lx7hZttPDgClv83E//FMNhR2TMcLUhfRUBHCmSl0oi9zMgDDqRUJkSxO3wm85+XLg=="
    },
    "@protobufjs/codegen": {
      "version": "2.0.4",
      "resolved": "https://registry.npmjs.org/@protobufjs/codegen/-/codegen-2.0.4.tgz",
      "integrity": "sha512-YyFaikqM5sH0ziFZCN3xDC7zeGaB/d0IUb9CATugHWbd1FRFwWwt4ld4OYMPWu5a3Xe01mGAULCdqhMlPl29Jg=="
    },
    "@protobufjs/eventemitter": {
      "version": "1.1.0",
      "resolved": "https://registry.npmjs.org/@protobufjs/eventemitter/-/eventemitter-1.1.0.tgz",
      "integrity": "sha1-NVy8mLr61ZePntCV85diHx0Ga3A="
    },
    "@protobufjs/fetch": {
      "version": "1.1.0",
      "resolved": "https://registry.npmjs.org/@protobufjs/fetch/-/fetch-1.1.0.tgz",
      "integrity": "sha1-upn7WYYUr2VwDBYZ/wbUVLDYTEU=",
      "requires": {
        "@protobufjs/aspromise": "^1.1.1",
        "@protobufjs/inquire": "^1.1.0"
      }
    },
    "@protobufjs/float": {
      "version": "1.0.2",
      "resolved": "https://registry.npmjs.org/@protobufjs/float/-/float-1.0.2.tgz",
      "integrity": "sha1-Xp4avctz/Ap8uLKR33jIy9l7h9E="
    },
    "@protobufjs/inquire": {
      "version": "1.1.0",
      "resolved": "https://registry.npmjs.org/@protobufjs/inquire/-/inquire-1.1.0.tgz",
      "integrity": "sha1-/yAOPnzyQp4tyvwRQIKOjMY48Ik="
    },
    "@protobufjs/path": {
      "version": "1.1.2",
      "resolved": "https://registry.npmjs.org/@protobufjs/path/-/path-1.1.2.tgz",
      "integrity": "sha1-bMKyDFya1q0NzP0hynZz2Nf79o0="
    },
    "@protobufjs/pool": {
      "version": "1.1.0",
      "resolved": "https://registry.npmjs.org/@protobufjs/pool/-/pool-1.1.0.tgz",
      "integrity": "sha1-Cf0V8tbTq/qbZbw2ZQbWrXhG/1Q="
    },
    "@protobufjs/utf8": {
      "version": "1.1.0",
      "resolved": "https://registry.npmjs.org/@protobufjs/utf8/-/utf8-1.1.0.tgz",
      "integrity": "sha1-p3c2C1s5oaLlEG+OhY8v0tBgxXA="
    },
    "@types/accepts": {
      "version": "1.3.5",
      "resolved": "https://registry.npmjs.org/@types/accepts/-/accepts-1.3.5.tgz",
      "integrity": "sha512-jOdnI/3qTpHABjM5cx1Hc0sKsPoYCp+DP/GJRGtDlPd7fiV9oXGGIcjW/ZOxLIvjGz8MA+uMZI9metHlgqbgwQ==",
      "requires": {
        "@types/node": "*"
      }
    },
    "@types/body-parser": {
      "version": "1.19.0",
      "resolved": "https://registry.npmjs.org/@types/body-parser/-/body-parser-1.19.0.tgz",
      "integrity": "sha512-W98JrE0j2K78swW4ukqMleo8R7h/pFETjM2DQ90MF6XK2i4LO4W3gQ71Lt4w3bfm2EvVSyWHplECvB5sK22yFQ==",
      "requires": {
        "@types/connect": "*",
        "@types/node": "*"
      }
    },
    "@types/connect": {
      "version": "3.4.33",
      "resolved": "https://registry.npmjs.org/@types/connect/-/connect-3.4.33.tgz",
      "integrity": "sha512-2+FrkXY4zllzTNfJth7jOqEHC+enpLeGslEhpnTAkg21GkRrWV4SsAtqchtT4YS9/nODBU2/ZfsBY2X4J/dX7A==",
      "requires": {
        "@types/node": "*"
      }
    },
    "@types/content-disposition": {
      "version": "0.5.3",
      "resolved": "https://registry.npmjs.org/@types/content-disposition/-/content-disposition-0.5.3.tgz",
      "integrity": "sha512-P1bffQfhD3O4LW0ioENXUhZ9OIa0Zn+P7M+pWgkCKaT53wVLSq0mrKksCID/FGHpFhRSxRGhgrQmfhRuzwtKdg=="
    },
    "@types/cookies": {
      "version": "0.7.4",
      "resolved": "https://registry.npmjs.org/@types/cookies/-/cookies-0.7.4.tgz",
      "integrity": "sha512-oTGtMzZZAVuEjTwCjIh8T8FrC8n/uwy+PG0yTvQcdZ7etoel7C7/3MSd7qrukENTgQtotG7gvBlBojuVs7X5rw==",
      "requires": {
        "@types/connect": "*",
        "@types/express": "*",
        "@types/keygrip": "*",
        "@types/node": "*"
      }
    },
    "@types/express": {
      "version": "4.17.7",
      "resolved": "https://registry.npmjs.org/@types/express/-/express-4.17.7.tgz",
      "integrity": "sha512-dCOT5lcmV/uC2J9k0rPafATeeyz+99xTt54ReX11/LObZgfzJqZNcW27zGhYyX+9iSEGXGt5qLPwRSvBZcLvtQ==",
      "requires": {
        "@types/body-parser": "*",
        "@types/express-serve-static-core": "*",
        "@types/qs": "*",
        "@types/serve-static": "*"
      }
    },
    "@types/express-serve-static-core": {
      "version": "4.17.9",
      "resolved": "https://registry.npmjs.org/@types/express-serve-static-core/-/express-serve-static-core-4.17.9.tgz",
      "integrity": "sha512-DG0BYg6yO+ePW+XoDENYz8zhNGC3jDDEpComMYn7WJc4mY1Us8Rw9ax2YhJXxpyk2SF47PQAoQ0YyVT1a0bEkA==",
      "requires": {
        "@types/node": "*",
        "@types/qs": "*",
        "@types/range-parser": "*"
      }
    },
    "@types/fs-capacitor": {
      "version": "2.0.0",
      "resolved": "https://registry.npmjs.org/@types/fs-capacitor/-/fs-capacitor-2.0.0.tgz",
      "integrity": "sha512-FKVPOCFbhCvZxpVAMhdBdTfVfXUpsh15wFHgqOKxh9N9vzWZVuWCSijZ5T4U34XYNnuj2oduh6xcs1i+LPI+BQ==",
      "requires": {
        "@types/node": "*"
      }
    },
    "@types/graphql-upload": {
      "version": "8.0.3",
      "resolved": "https://registry.npmjs.org/@types/graphql-upload/-/graphql-upload-8.0.3.tgz",
      "integrity": "sha512-hmLg9pCU/GmxBscg8GCr1vmSoEmbItNNxdD5YH2TJkXm//8atjwuprB+xJBK714JG1dkxbbhp5RHX+Pz1KsCMA==",
      "requires": {
        "@types/express": "*",
        "@types/fs-capacitor": "*",
        "@types/koa": "*",
        "graphql": "^14.5.3"
      }
    },
    "@types/http-assert": {
      "version": "1.5.1",
      "resolved": "https://registry.npmjs.org/@types/http-assert/-/http-assert-1.5.1.tgz",
      "integrity": "sha512-PGAK759pxyfXE78NbKxyfRcWYA/KwW17X290cNev/qAsn9eQIxkH4shoNBafH37wewhDG/0p1cHPbK6+SzZjWQ=="
    },
    "@types/http-errors": {
      "version": "1.8.0",
      "resolved": "https://registry.npmjs.org/@types/http-errors/-/http-errors-1.8.0.tgz",
      "integrity": "sha512-2aoSC4UUbHDj2uCsCxcG/vRMXey/m17bC7UwitVm5hn22nI8O8Y9iDpA76Orc+DWkQ4zZrOKEshCqR/jSuXAHA=="
    },
    "@types/keygrip": {
      "version": "1.0.2",
      "resolved": "https://registry.npmjs.org/@types/keygrip/-/keygrip-1.0.2.tgz",
      "integrity": "sha512-GJhpTepz2udxGexqos8wgaBx4I/zWIDPh/KOGEwAqtuGDkOUJu5eFvwmdBX4AmB8Odsr+9pHCQqiAqDL/yKMKw=="
    },
    "@types/koa": {
      "version": "2.11.4",
      "resolved": "https://registry.npmjs.org/@types/koa/-/koa-2.11.4.tgz",
      "integrity": "sha512-Etqs0kdqbuAsNr5k6mlZQelpZKVwMu9WPRHVVTLnceZlhr0pYmblRNJbCgoCMzKWWePldydU0AYEOX4Q9fnGUQ==",
      "requires": {
        "@types/accepts": "*",
        "@types/content-disposition": "*",
        "@types/cookies": "*",
        "@types/http-assert": "*",
        "@types/http-errors": "*",
        "@types/keygrip": "*",
        "@types/koa-compose": "*",
        "@types/node": "*"
      }
    },
    "@types/koa-compose": {
      "version": "3.2.5",
      "resolved": "https://registry.npmjs.org/@types/koa-compose/-/koa-compose-3.2.5.tgz",
      "integrity": "sha512-B8nG/OoE1ORZqCkBVsup/AKcvjdgoHnfi4pZMn5UwAPCbhk/96xyv284eBYW8JlQbQ7zDmnpFr68I/40mFoIBQ==",
      "requires": {
        "@types/koa": "*"
      }
    },
    "@types/long": {
      "version": "4.0.0",
      "resolved": "https://registry.npmjs.org/@types/long/-/long-4.0.0.tgz",
      "integrity": "sha512-1w52Nyx4Gq47uuu0EVcsHBxZFJgurQ+rTKS3qMHxR1GY2T8c2AJYd6vZoZ9q1rupaDjU0yT+Jc2XTyXkjeMA+Q=="
    },
    "@types/mime": {
      "version": "2.0.3",
      "resolved": "https://registry.npmjs.org/@types/mime/-/mime-2.0.3.tgz",
      "integrity": "sha512-Jus9s4CDbqwocc5pOAnh8ShfrnMcPHuJYzVcSUU7lrh8Ni5HuIqX3oilL86p3dlTrk0LzHRCgA/GQ7uNCw6l2Q=="
    },
    "@types/node": {
      "version": "11.13.8",
      "resolved": "https://registry.npmjs.org/@types/node/-/node-11.13.8.tgz",
      "integrity": "sha512-szA3x/3miL90ZJxUCzx9haNbK5/zmPieGraZEe4WI+3srN0eGLiT22NXeMHmyhNEopn+IrxqMc7wdVwvPl8meg=="
    },
    "@types/node-fetch": {
      "version": "2.5.7",
      "resolved": "https://registry.npmjs.org/@types/node-fetch/-/node-fetch-2.5.7.tgz",
      "integrity": "sha512-o2WVNf5UhWRkxlf6eq+jMZDu7kjgpgJfl4xVNlvryc95O/6F2ld8ztKX+qu+Rjyet93WAWm5LjeX9H5FGkODvw==",
      "requires": {
        "@types/node": "*",
        "form-data": "^3.0.0"
      }
    },
    "@types/qs": {
      "version": "6.9.4",
      "resolved": "https://registry.npmjs.org/@types/qs/-/qs-6.9.4.tgz",
      "integrity": "sha512-+wYo+L6ZF6BMoEjtf8zB2esQsqdV6WsjRK/GP9WOgLPrq87PbNWgIxS76dS5uvl/QXtHGakZmwTznIfcPXcKlQ=="
    },
    "@types/range-parser": {
      "version": "1.2.3",
      "resolved": "https://registry.npmjs.org/@types/range-parser/-/range-parser-1.2.3.tgz",
      "integrity": "sha512-ewFXqrQHlFsgc09MK5jP5iR7vumV/BYayNC6PgJO2LPe8vrnNFyjQjSppfEngITi0qvfKtzFvgKymGheFM9UOA=="
    },
    "@types/serve-static": {
      "version": "1.13.5",
      "resolved": "https://registry.npmjs.org/@types/serve-static/-/serve-static-1.13.5.tgz",
      "integrity": "sha512-6M64P58N+OXjU432WoLLBQxbA0LRGBCRm7aAGQJ+SMC1IMl0dgRVi9EFfoDcS2a7Xogygk/eGN94CfwU9UF7UQ==",
      "requires": {
        "@types/express-serve-static-core": "*",
        "@types/mime": "*"
      }
    },
    "apollo-datasource": {
      "version": "0.3.1",
      "resolved": "https://registry.npmjs.org/apollo-datasource/-/apollo-datasource-0.3.1.tgz",
      "integrity": "sha512-qdEUeonc9pPZvYwXK36h2NZoT7Pddmy0HYOzdV0ON5pcG1YtNmUyyYi83Q60V5wTWjuaCjyJ9hOY6wr0BMvQuA==",
      "requires": {
        "apollo-server-caching": "0.3.1",
        "apollo-server-env": "2.2.0"
      }
    },
    "apollo-datasource-rest": {
      "version": "0.3.2",
      "resolved": "https://registry.npmjs.org/apollo-datasource-rest/-/apollo-datasource-rest-0.3.2.tgz",
      "integrity": "sha512-56Mt4VTlzeqHr+NPAkIi9KQYBhuOnn1PGrIg9X/nQ2gjY/sujiXiS1EmFo7vLbdO5NBNhfqvPXffgWWzZI1asQ==",
      "requires": {
        "apollo-datasource": "0.3.1",
        "apollo-server-caching": "0.3.1",
        "apollo-server-env": "2.2.0",
        "apollo-server-errors": "2.2.1",
        "http-cache-semantics": "^4.0.0"
      }
    },
    "apollo-link": {
      "version": "1.2.11",
      "resolved": "https://registry.npmjs.org/apollo-link/-/apollo-link-1.2.11.tgz",
      "integrity": "sha512-PQvRCg13VduLy3X/0L79M6uOpTh5iHdxnxYuo8yL7sJlWybKRJwsv4IcRBJpMFbChOOaHY7Og9wgPo6DLKDKDA==",
      "requires": {
        "apollo-utilities": "^1.2.1",
        "ts-invariant": "^0.3.2",
        "tslib": "^1.9.3",
        "zen-observable-ts": "^0.8.18"
      }
    },
    "apollo-server-caching": {
      "version": "0.3.1",
      "resolved": "https://registry.npmjs.org/apollo-server-caching/-/apollo-server-caching-0.3.1.tgz",
      "integrity": "sha512-mfxzikYXbB/OoEms77AGYwRh7FF3Oim5v5XWAL+VL49FrkbZt5lopVa4bABi7Mz8Nt3Htl9EBJN8765s/yh8IA==",
      "requires": {
        "lru-cache": "^5.0.0"
      }
    },
    "apollo-server-cloudflare": {
      "version": "2.16.1",
      "resolved": "https://registry.npmjs.org/apollo-server-cloudflare/-/apollo-server-cloudflare-2.16.1.tgz",
      "integrity": "sha512-ceL0ef+TPJOsR0VA0eGfamoksp4CP9gyfRjdW0yqMQ3Ssvh+G6Ryq9BP2RSA8qsebuTq1GcgD2ROx3Sd09QcHw==",
      "requires": {
        "apollo-server-core": "^2.16.1",
        "apollo-server-env": "^2.4.5",
        "apollo-server-types": "^0.5.1"
      },
      "dependencies": {
        "@apollographql/apollo-tools": {
          "version": "0.4.8",
          "resolved": "https://registry.npmjs.org/@apollographql/apollo-tools/-/apollo-tools-0.4.8.tgz",
          "integrity": "sha512-W2+HB8Y7ifowcf3YyPHgDI05izyRtOeZ4MqIr7LbTArtmJ0ZHULWpn84SGMW7NAvTV1tFExpHlveHhnXuJfuGA==",
          "requires": {
            "apollo-env": "^0.6.5"
          }
        },
        "@apollographql/graphql-playground-html": {
          "version": "1.6.26",
          "resolved": "https://registry.npmjs.org/@apollographql/graphql-playground-html/-/graphql-playground-html-1.6.26.tgz",
          "integrity": "sha512-XAwXOIab51QyhBxnxySdK3nuMEUohhDsHQ5Rbco/V1vjlP75zZ0ZLHD9dTpXTN8uxKxopb2lUvJTq+M4g2Q0HQ==",
          "requires": {
            "xss": "^1.0.6"
          }
        },
        "@types/ws": {
          "version": "7.2.6",
          "resolved": "https://registry.npmjs.org/@types/ws/-/ws-7.2.6.tgz",
          "integrity": "sha512-Q07IrQUSNpr+cXU4E4LtkSIBPie5GLZyyMC1QtQYRLWz701+XcoVygGUZgvLqElq1nU4ICldMYPnexlBsg3dqQ==",
          "requires": {
            "@types/node": "*"
          }
        },
        "apollo-cache-control": {
          "version": "0.11.1",
          "resolved": "https://registry.npmjs.org/apollo-cache-control/-/apollo-cache-control-0.11.1.tgz",
          "integrity": "sha512-6iHa8TkcKt4rx5SKRzDNjUIpCQX+7/FlZwD7vRh9JDnM4VH8SWhpj8fUR3CiEY8Kuc4ChXnOY8bCcMju5KPnIQ==",
          "requires": {
            "apollo-server-env": "^2.4.5",
            "apollo-server-plugin-base": "^0.9.1"
          }
        },
        "apollo-datasource": {
          "version": "0.7.2",
          "resolved": "https://registry.npmjs.org/apollo-datasource/-/apollo-datasource-0.7.2.tgz",
          "integrity": "sha512-ibnW+s4BMp4K2AgzLEtvzkjg7dJgCaw9M5b5N0YKNmeRZRnl/I/qBTQae648FsRKgMwTbRQIvBhQ0URUFAqFOw==",
          "requires": {
            "apollo-server-caching": "^0.5.2",
            "apollo-server-env": "^2.4.5"
          }
        },
        "apollo-engine-reporting": {
          "version": "2.3.0",
          "resolved": "https://registry.npmjs.org/apollo-engine-reporting/-/apollo-engine-reporting-2.3.0.tgz",
          "integrity": "sha512-SbcPLFuUZcRqDEZ6mSs8uHM9Ftr8yyt2IEu0JA8c3LNBmYXSLM7MHqFe80SVcosYSTBgtMz8mLJO8orhYoSYZw==",
          "requires": {
            "apollo-engine-reporting-protobuf": "^0.5.2",
            "apollo-graphql": "^0.5.0",
            "apollo-server-caching": "^0.5.2",
            "apollo-server-env": "^2.4.5",
            "apollo-server-errors": "^2.4.2",
            "apollo-server-plugin-base": "^0.9.1",
            "apollo-server-types": "^0.5.1",
            "async-retry": "^1.2.1",
            "uuid": "^8.0.0"
          }
        },
        "apollo-engine-reporting-protobuf": {
          "version": "0.5.2",
          "resolved": "https://registry.npmjs.org/apollo-engine-reporting-protobuf/-/apollo-engine-reporting-protobuf-0.5.2.tgz",
          "integrity": "sha512-4wm9FR3B7UvJxcK/69rOiS5CAJPEYKufeRWb257ZLfX7NGFTMqvbc1hu4q8Ch7swB26rTpkzfsftLED9DqH9qg==",
          "requires": {
            "@apollo/protobufjs": "^1.0.3"
          }
        },
        "apollo-env": {
          "version": "0.6.5",
          "resolved": "https://registry.npmjs.org/apollo-env/-/apollo-env-0.6.5.tgz",
          "integrity": "sha512-jeBUVsGymeTHYWp3me0R2CZRZrFeuSZeICZHCeRflHTfnQtlmbSXdy5E0pOyRM9CU4JfQkKDC98S1YglQj7Bzg==",
          "requires": {
            "@types/node-fetch": "2.5.7",
            "core-js": "^3.0.1",
            "node-fetch": "^2.2.0",
            "sha.js": "^2.4.11"
          }
        },
        "apollo-graphql": {
          "version": "0.5.0",
          "resolved": "https://registry.npmjs.org/apollo-graphql/-/apollo-graphql-0.5.0.tgz",
          "integrity": "sha512-YSdF/BKPbsnQpxWpmCE53pBJX44aaoif31Y22I/qKpB6ZSGzYijV5YBoCL5Q15H2oA/v/02Oazh9lbp4ek3eig==",
          "requires": {
            "apollo-env": "^0.6.5",
            "lodash.sortby": "^4.7.0"
          }
        },
        "apollo-server-caching": {
          "version": "0.5.2",
          "resolved": "https://registry.npmjs.org/apollo-server-caching/-/apollo-server-caching-0.5.2.tgz",
          "integrity": "sha512-HUcP3TlgRsuGgeTOn8QMbkdx0hLPXyEJehZIPrcof0ATz7j7aTPA4at7gaiFHCo8gk07DaWYGB3PFgjboXRcWQ==",
          "requires": {
            "lru-cache": "^5.0.0"
          }
        },
        "apollo-server-core": {
          "version": "2.16.1",
          "resolved": "https://registry.npmjs.org/apollo-server-core/-/apollo-server-core-2.16.1.tgz",
          "integrity": "sha512-nuwn5ZBbmzPwDetb3FgiFFJlNK7ZBFg8kis/raymrjd3eBGdNcOyMTJDl6J9673X9Xqp+dXQmFYDW/G3G8S1YA==",
          "requires": {
            "@apollographql/apollo-tools": "^0.4.3",
            "@apollographql/graphql-playground-html": "1.6.26",
            "@types/graphql-upload": "^8.0.0",
            "@types/ws": "^7.0.0",
            "apollo-cache-control": "^0.11.1",
            "apollo-datasource": "^0.7.2",
            "apollo-engine-reporting": "^2.3.0",
            "apollo-server-caching": "^0.5.2",
            "apollo-server-env": "^2.4.5",
            "apollo-server-errors": "^2.4.2",
            "apollo-server-plugin-base": "^0.9.1",
            "apollo-server-types": "^0.5.1",
            "apollo-tracing": "^0.11.1",
            "fast-json-stable-stringify": "^2.0.0",
            "graphql-extensions": "^0.12.4",
            "graphql-tag": "^2.9.2",
            "graphql-tools": "^4.0.0",
            "graphql-upload": "^8.0.2",
            "loglevel": "^1.6.7",
            "sha.js": "^2.4.11",
            "subscriptions-transport-ws": "^0.9.11",
            "ws": "^6.0.0"
          }
        },
        "apollo-server-env": {
          "version": "2.4.5",
          "resolved": "https://registry.npmjs.org/apollo-server-env/-/apollo-server-env-2.4.5.tgz",
          "integrity": "sha512-nfNhmGPzbq3xCEWT8eRpoHXIPNcNy3QcEoBlzVMjeglrBGryLG2LXwBSPnVmTRRrzUYugX0ULBtgE3rBFNoUgA==",
          "requires": {
            "node-fetch": "^2.1.2",
            "util.promisify": "^1.0.0"
          }
        },
        "apollo-server-errors": {
          "version": "2.4.2",
          "resolved": "https://registry.npmjs.org/apollo-server-errors/-/apollo-server-errors-2.4.2.tgz",
          "integrity": "sha512-FeGxW3Batn6sUtX3OVVUm7o56EgjxDlmgpTLNyWcLb0j6P8mw9oLNyAm3B+deHA4KNdNHO5BmHS2g1SJYjqPCQ=="
        },
        "apollo-server-plugin-base": {
          "version": "0.9.1",
          "resolved": "https://registry.npmjs.org/apollo-server-plugin-base/-/apollo-server-plugin-base-0.9.1.tgz",
          "integrity": "sha512-kvrX4Z3FdpjrZdHkyl5iY2A1Wvp4b6KQp00DeZqss7GyyKNUBKr80/7RQgBLEw7EWM7WB19j459xM/TjvW0FKQ==",
          "requires": {
            "apollo-server-types": "^0.5.1"
          }
        },
        "apollo-tracing": {
          "version": "0.11.1",
          "resolved": "https://registry.npmjs.org/apollo-tracing/-/apollo-tracing-0.11.1.tgz",
          "integrity": "sha512-l7g+uILw7v32GA46IRXIx5XXbZhFI96BhSqrGK9yyvfq+NMcvVZrj3kIhRImPGhAjMdV+5biA/jztabElAbDjg==",
          "requires": {
            "apollo-server-env": "^2.4.5",
            "apollo-server-plugin-base": "^0.9.1"
          }
        },
        "core-js": {
          "version": "3.6.5",
          "resolved": "https://registry.npmjs.org/core-js/-/core-js-3.6.5.tgz",
          "integrity": "sha512-vZVEEwZoIsI+vPEuoF9Iqf5H7/M3eeQqWlQnYa8FSKKePuYTf5MWnxb5SDAzCa60b3JBRS5g9b+Dq7b1y/RCrA=="
        },
        "graphql-extensions": {
          "version": "0.12.4",
          "resolved": "https://registry.npmjs.org/graphql-extensions/-/graphql-extensions-0.12.4.tgz",
          "integrity": "sha512-GnR4LiWk3s2bGOqIh6V1JgnSXw2RCH4NOgbCFEWvB6JqWHXTlXnLZ8bRSkCiD4pltv7RHUPWqN/sGh8R6Ae/ag==",
          "requires": {
            "@apollographql/apollo-tools": "^0.4.3",
            "apollo-server-env": "^2.4.5",
            "apollo-server-types": "^0.5.1"
          }
        },
        "uuid": {
          "version": "8.3.0",
          "resolved": "https://registry.npmjs.org/uuid/-/uuid-8.3.0.tgz",
          "integrity": "sha512-fX6Z5o4m6XsXBdli9g7DtWgAx+osMsRRZFKma1mIUsLCz6vRvv+pz5VNbyu9UEDzpMWulZfvpgb/cmDXVulYFQ=="
        }
      }
    },
    "apollo-server-env": {
      "version": "2.2.0",
      "resolved": "https://registry.npmjs.org/apollo-server-env/-/apollo-server-env-2.2.0.tgz",
      "integrity": "sha512-wjJiI5nQWPBpNmpiLP389Ezpstp71szS6DHAeTgYLb/ulCw3CTuuA+0/E1bsThVWiQaDeHZE0sE3yI8q2zrYiA==",
      "requires": {
        "node-fetch": "^2.1.2",
        "util.promisify": "^1.0.0"
      }
    },
    "apollo-server-errors": {
      "version": "2.2.1",
      "resolved": "https://registry.npmjs.org/apollo-server-errors/-/apollo-server-errors-2.2.1.tgz",
      "integrity": "sha512-wY/YE3iJVMYC+WYIf8QODBjIP4jhI+oc7kiYo9mrz7LdYPKAgxr/he+NteGcqn/0Ea9K5/ZFTGJDbEstSMeP8g=="
    },
    "apollo-server-types": {
      "version": "0.5.1",
      "resolved": "https://registry.npmjs.org/apollo-server-types/-/apollo-server-types-0.5.1.tgz",
      "integrity": "sha512-my2cPw+DAb2qVnIuBcsRKGyS28uIc2vjFxa1NpRoJZe9gK0BWUBk7wzXnIzWy3HZ5Er11e/40MPTUesNfMYNVA==",
      "requires": {
        "apollo-engine-reporting-protobuf": "^0.5.2",
        "apollo-server-caching": "^0.5.2",
        "apollo-server-env": "^2.4.5"
      },
      "dependencies": {
        "apollo-engine-reporting-protobuf": {
          "version": "0.5.2",
          "resolved": "https://registry.npmjs.org/apollo-engine-reporting-protobuf/-/apollo-engine-reporting-protobuf-0.5.2.tgz",
          "integrity": "sha512-4wm9FR3B7UvJxcK/69rOiS5CAJPEYKufeRWb257ZLfX7NGFTMqvbc1hu4q8Ch7swB26rTpkzfsftLED9DqH9qg==",
          "requires": {
            "@apollo/protobufjs": "^1.0.3"
          }
        },
        "apollo-server-caching": {
          "version": "0.5.2",
          "resolved": "https://registry.npmjs.org/apollo-server-caching/-/apollo-server-caching-0.5.2.tgz",
          "integrity": "sha512-HUcP3TlgRsuGgeTOn8QMbkdx0hLPXyEJehZIPrcof0ATz7j7aTPA4at7gaiFHCo8gk07DaWYGB3PFgjboXRcWQ==",
          "requires": {
            "lru-cache": "^5.0.0"
          }
        },
        "apollo-server-env": {
          "version": "2.4.5",
          "resolved": "https://registry.npmjs.org/apollo-server-env/-/apollo-server-env-2.4.5.tgz",
          "integrity": "sha512-nfNhmGPzbq3xCEWT8eRpoHXIPNcNy3QcEoBlzVMjeglrBGryLG2LXwBSPnVmTRRrzUYugX0ULBtgE3rBFNoUgA==",
          "requires": {
            "node-fetch": "^2.1.2",
            "util.promisify": "^1.0.0"
          }
        }
      }
    },
    "apollo-utilities": {
      "version": "1.2.1",
      "resolved": "https://registry.npmjs.org/apollo-utilities/-/apollo-utilities-1.2.1.tgz",
      "integrity": "sha512-Zv8Udp9XTSFiN8oyXOjf6PMHepD4yxxReLsl6dPUy5Ths7jti3nmlBzZUOxuTWRwZn0MoclqL7RQ5UEJN8MAxg==",
      "requires": {
        "fast-json-stable-stringify": "^2.0.0",
        "ts-invariant": "^0.2.1",
        "tslib": "^1.9.3"
      },
      "dependencies": {
        "ts-invariant": {
          "version": "0.2.1",
          "resolved": "https://registry.npmjs.org/ts-invariant/-/ts-invariant-0.2.1.tgz",
          "integrity": "sha512-Z/JSxzVmhTo50I+LKagEISFJW3pvPCqsMWLamCTX8Kr3N5aMrnGOqcflbe5hLUzwjvgPfnLzQtHZv0yWQ+FIHg==",
          "requires": {
            "tslib": "^1.9.3"
          }
        }
      }
    },
    "async-limiter": {
      "version": "1.0.0",
      "resolved": "https://registry.npmjs.org/async-limiter/-/async-limiter-1.0.0.tgz",
      "integrity": "sha512-jp/uFnooOiO+L211eZOoSyzpOITMXx1rBITauYykG3BRYPu8h0UcxsPNB04RR5vo4Tyz3+ay17tR6JVf9qzYWg=="
    },
    "async-retry": {
      "version": "1.2.3",
      "resolved": "https://registry.npmjs.org/async-retry/-/async-retry-1.2.3.tgz",
      "integrity": "sha512-tfDb02Th6CE6pJUF2gjW5ZVjsgwlucVXOEQMvEX9JgSJMs9gAX+Nz3xRuJBKuUYjTSYORqvDBORdAQ3LU59g7Q==",
      "requires": {
        "retry": "0.12.0"
      }
    },
    "asynckit": {
      "version": "0.4.0",
      "resolved": "https://registry.npmjs.org/asynckit/-/asynckit-0.4.0.tgz",
      "integrity": "sha1-x57Zf380y48robyXkLzDZkdLS3k="
    },
    "backo2": {
      "version": "1.0.2",
      "resolved": "https://registry.npmjs.org/backo2/-/backo2-1.0.2.tgz",
      "integrity": "sha1-MasayLEpNjRj41s+u2n038+6eUc="
    },
    "busboy": {
      "version": "0.3.1",
      "resolved": "https://registry.npmjs.org/busboy/-/busboy-0.3.1.tgz",
      "integrity": "sha512-y7tTxhGKXcyBxRKAni+awqx8uqaJKrSFSNFSeRG5CsWNdmy2BIK+6VGWEW7TZnIO/533mtMEA4rOevQV815YJw==",
      "requires": {
        "dicer": "0.3.0"
      }
    },
    "combined-stream": {
      "version": "1.0.8",
      "resolved": "https://registry.npmjs.org/combined-stream/-/combined-stream-1.0.8.tgz",
      "integrity": "sha512-FQN4MRfuJeHf7cBbBMJFXhKSDq+2kAArBlmRBvcvFE5BB1HZKXtSFASDhdlz9zOYwxh8lDdnvmMOe/+5cdoEdg==",
      "requires": {
        "delayed-stream": "~1.0.0"
      }
    },
    "commander": {
      "version": "2.20.3",
      "resolved": "https://registry.npmjs.org/commander/-/commander-2.20.3.tgz",
      "integrity": "sha512-GpVkmM8vF2vQUkj2LvZmD35JxeJOLCwJ9cUkugyk2nuhbv3+mJvpLYYt+0+USMxE+oj+ey/lJEnhZw75x/OMcQ=="
    },
    "cssfilter": {
      "version": "0.0.10",
      "resolved": "https://registry.npmjs.org/cssfilter/-/cssfilter-0.0.10.tgz",
      "integrity": "sha1-xtJnJjKi5cg+AT5oZKQs6N79IK4="
    },
    "define-properties": {
      "version": "1.1.3",
      "resolved": "https://registry.npmjs.org/define-properties/-/define-properties-1.1.3.tgz",
      "integrity": "sha512-3MqfYKj2lLzdMSf8ZIZE/V+Zuy+BgD6f164e8K2w7dgnpKArBDerGYpM46IYYcjnkdPNMjPk9A6VFB8+3SKlXQ==",
      "requires": {
        "object-keys": "^1.0.12"
      }
    },
    "delayed-stream": {
      "version": "1.0.0",
      "resolved": "https://registry.npmjs.org/delayed-stream/-/delayed-stream-1.0.0.tgz",
      "integrity": "sha1-3zrhmayt+31ECqrgsp4icrJOxhk="
    },
    "depd": {
      "version": "1.1.2",
      "resolved": "https://registry.npmjs.org/depd/-/depd-1.1.2.tgz",
      "integrity": "sha1-m81S4UwJd2PnSbJ0xDRu0uVgtak="
    },
    "deprecated-decorator": {
      "version": "0.1.6",
      "resolved": "https://registry.npmjs.org/deprecated-decorator/-/deprecated-decorator-0.1.6.tgz",
      "integrity": "sha1-AJZjF7ehL+kvPMgx91g68ym4bDc="
    },
    "dicer": {
      "version": "0.3.0",
      "resolved": "https://registry.npmjs.org/dicer/-/dicer-0.3.0.tgz",
      "integrity": "sha512-MdceRRWqltEG2dZqO769g27N/3PXfcKl04VhYnBlo2YhH7zPi88VebsjTKclaOyiuMaGU72hTfw3VkUitGcVCA==",
      "requires": {
        "streamsearch": "0.1.2"
      }
    },
    "es-abstract": {
      "version": "1.13.0",
      "resolved": "https://registry.npmjs.org/es-abstract/-/es-abstract-1.13.0.tgz",
      "integrity": "sha512-vDZfg/ykNxQVwup/8E1BZhVzFfBxs9NqMzGcvIJrqg5k2/5Za2bWo40dK2J1pgLngZ7c+Shh8lwYtLGyrwPutg==",
      "requires": {
        "es-to-primitive": "^1.2.0",
        "function-bind": "^1.1.1",
        "has": "^1.0.3",
        "is-callable": "^1.1.4",
        "is-regex": "^1.0.4",
        "object-keys": "^1.0.12"
      }
    },
    "es-to-primitive": {
      "version": "1.2.0",
      "resolved": "https://registry.npmjs.org/es-to-primitive/-/es-to-primitive-1.2.0.tgz",
      "integrity": "sha512-qZryBOJjV//LaxLTV6UC//WewneB3LcXOL9NP++ozKVXsIIIpm/2c13UDiD9Jp2eThsecw9m3jPqDwTyobcdbg==",
      "requires": {
        "is-callable": "^1.1.4",
        "is-date-object": "^1.0.1",
        "is-symbol": "^1.0.2"
      }
    },
    "eventemitter3": {
      "version": "3.1.2",
      "resolved": "https://registry.npmjs.org/eventemitter3/-/eventemitter3-3.1.2.tgz",
      "integrity": "sha512-tvtQIeLVHjDkJYnzf2dgVMxfuSGJeM/7UCG17TT4EumTfNtF+0nebF/4zWOIkCreAbtNqhGEboB6BWrwqNaw4Q=="
    },
    "fast-json-stable-stringify": {
      "version": "2.0.0",
      "resolved": "https://registry.npmjs.org/fast-json-stable-stringify/-/fast-json-stable-stringify-2.0.0.tgz",
      "integrity": "sha1-1RQsDK7msRifh9OnYREGT4bIu/I="
    },
    "form-data": {
      "version": "3.0.0",
      "resolved": "https://registry.npmjs.org/form-data/-/form-data-3.0.0.tgz",
      "integrity": "sha512-CKMFDglpbMi6PyN+brwB9Q/GOw0eAnsrEZDgcsH5Krhz5Od/haKHAX0NmQfha2zPPz0JpWzA7GJHGSnvCRLWsg==",
      "requires": {
        "asynckit": "^0.4.0",
        "combined-stream": "^1.0.8",
        "mime-types": "^2.1.12"
      }
    },
    "fs-capacitor": {
      "version": "2.0.1",
      "resolved": "https://registry.npmjs.org/fs-capacitor/-/fs-capacitor-2.0.1.tgz",
      "integrity": "sha512-kyV2oaG1/pu9NPosfGACmBym6okgzyg6hEtA5LSUq0dGpGLe278MVfMwVnSHDA/OBcTCHkPNqWL9eIwbPN6dDg=="
    },
    "function-bind": {
      "version": "1.1.1",
      "resolved": "https://registry.npmjs.org/function-bind/-/function-bind-1.1.1.tgz",
      "integrity": "sha512-yIovAzMX49sF8Yl58fSCWJ5svSLuaibPxXQJFLmBObTuCr0Mf1KiPopGM9NiFjiYBCbfaa2Fh6breQ6ANVTI0A=="
    },
    "graphql": {
      "version": "14.7.0",
      "resolved": "https://registry.npmjs.org/graphql/-/graphql-14.7.0.tgz",
      "integrity": "sha512-l0xWZpoPKpppFzMfvVyFmp9vLN7w/ZZJPefUicMCepfJeQ8sMcztloGYY9DfjVPo6tIUDzU5Hw3MUbIjj9AVVA==",
      "requires": {
        "iterall": "^1.2.2"
      }
    },
    "graphql-tag": {
      "version": "2.10.1",
      "resolved": "https://registry.npmjs.org/graphql-tag/-/graphql-tag-2.10.1.tgz",
      "integrity": "sha512-jApXqWBzNXQ8jYa/HLkZJaVw9jgwNqZkywa2zfFn16Iv1Zb7ELNHkJaXHR7Quvd5SIGsy6Ny7SUKATgnu05uEg=="
    },
    "graphql-tools": {
      "version": "4.0.4",
      "resolved": "https://registry.npmjs.org/graphql-tools/-/graphql-tools-4.0.4.tgz",
      "integrity": "sha512-chF12etTIGVVGy3fCTJ1ivJX2KB7OSG4c6UOJQuqOHCmBQwTyNgCDuejZKvpYxNZiEx7bwIjrodDgDe9RIkjlw==",
      "requires": {
        "apollo-link": "^1.2.3",
        "apollo-utilities": "^1.0.1",
        "deprecated-decorator": "^0.1.6",
        "iterall": "^1.1.3",
        "uuid": "^3.1.0"
      }
    },
    "graphql-upload": {
      "version": "8.0.6",
      "resolved": "https://registry.npmjs.org/graphql-upload/-/graphql-upload-8.0.6.tgz",
      "integrity": "sha512-cBRALMOvGBm2AD6M61b1QbSmKfCLXvgV+Z3wXT2JS1EQwGWQ1g5/sby4J/cpwAaGnq5P2eGp+N3HQI9cSn9Jfg==",
      "requires": {
        "busboy": "^0.3.1",
        "fs-capacitor": "^2.0.1",
        "http-errors": "^1.7.2",
        "object-path": "^0.11.4"
      }
    },
    "has": {
      "version": "1.0.3",
      "resolved": "https://registry.npmjs.org/has/-/has-1.0.3.tgz",
      "integrity": "sha512-f2dvO0VU6Oej7RkWJGrehjbzMAjFp5/VKPp5tTpWIV4JHHZK1/BxbFRtf/siA2SWTe09caDmVtYYzWEIbBS4zw==",
      "requires": {
        "function-bind": "^1.1.1"
      }
    },
    "has-symbols": {
      "version": "1.0.0",
      "resolved": "https://registry.npmjs.org/has-symbols/-/has-symbols-1.0.0.tgz",
      "integrity": "sha1-uhqPGvKg/DllD1yFA2dwQSIGO0Q="
    },
    "http-cache-semantics": {
      "version": "4.1.0",
      "resolved": "https://registry.npmjs.org/http-cache-semantics/-/http-cache-semantics-4.1.0.tgz",
      "integrity": "sha512-carPklcUh7ROWRK7Cv27RPtdhYhUsela/ue5/jKzjegVvXDqM2ILE9Q2BGn9JZJh1g87cp56su/FgQSzcWS8cQ=="
    },
    "http-errors": {
      "version": "1.7.2",
      "resolved": "https://registry.npmjs.org/http-errors/-/http-errors-1.7.2.tgz",
      "integrity": "sha512-uUQBt3H/cSIVfch6i1EuPNy/YsRSOUBXTVfZ+yR7Zjez3qjBz6i9+i4zjNaoqcoFVI4lQJ5plg63TvGfRSDCRg==",
      "requires": {
        "depd": "~1.1.2",
        "inherits": "2.0.3",
        "setprototypeof": "1.1.1",
        "statuses": ">= 1.5.0 < 2",
        "toidentifier": "1.0.0"
      }
    },
    "inherits": {
      "version": "2.0.3",
      "resolved": "https://registry.npmjs.org/inherits/-/inherits-2.0.3.tgz",
      "integrity": "sha1-Yzwsg+PaQqUC9SRmAiSA9CCCYd4="
    },
    "is-callable": {
      "version": "1.1.4",
      "resolved": "https://registry.npmjs.org/is-callable/-/is-callable-1.1.4.tgz",
      "integrity": "sha512-r5p9sxJjYnArLjObpjA4xu5EKI3CuKHkJXMhT7kwbpUyIFD1n5PMAsoPvWnvtZiNz7LjkYDRZhd7FlI0eMijEA=="
    },
    "is-date-object": {
      "version": "1.0.1",
      "resolved": "https://registry.npmjs.org/is-date-object/-/is-date-object-1.0.1.tgz",
      "integrity": "sha1-mqIOtq7rv/d/vTPnTKAbM1gdOhY="
    },
    "is-regex": {
      "version": "1.0.4",
      "resolved": "https://registry.npmjs.org/is-regex/-/is-regex-1.0.4.tgz",
      "integrity": "sha1-VRdIm1RwkbCTDglWVM7SXul+lJE=",
      "requires": {
        "has": "^1.0.1"
      }
    },
    "is-symbol": {
      "version": "1.0.2",
      "resolved": "https://registry.npmjs.org/is-symbol/-/is-symbol-1.0.2.tgz",
      "integrity": "sha512-HS8bZ9ox60yCJLH9snBpIwv9pYUAkcuLhSA1oero1UB5y9aiQpRA8y2ex945AOtCZL1lJDeIk3G5LthswI46Lw==",
      "requires": {
        "has-symbols": "^1.0.0"
      }
    },
    "iterall": {
      "version": "1.2.2",
      "resolved": "https://registry.npmjs.org/iterall/-/iterall-1.2.2.tgz",
      "integrity": "sha512-yynBb1g+RFUPY64fTrFv7nsjRrENBQJaX2UL+2Szc9REFrSNm1rpSXHGzhmAy7a9uv3vlvgBlXnf9RqmPH1/DA=="
    },
    "lodash.sortby": {
      "version": "4.7.0",
      "resolved": "https://registry.npmjs.org/lodash.sortby/-/lodash.sortby-4.7.0.tgz",
      "integrity": "sha1-7dFMgk4sycHgsKG0K7UhBRakJDg="
    },
    "loglevel": {
      "version": "1.6.8",
      "resolved": "https://registry.npmjs.org/loglevel/-/loglevel-1.6.8.tgz",
      "integrity": "sha512-bsU7+gc9AJ2SqpzxwU3+1fedl8zAntbtC5XYlt3s2j1hJcn2PsXSmgN8TaLG/J1/2mod4+cE/3vNL70/c1RNCA=="
    },
    "long": {
      "version": "4.0.0",
      "resolved": "https://registry.npmjs.org/long/-/long-4.0.0.tgz",
      "integrity": "sha512-XsP+KhQif4bjX1kbuSiySJFNAehNxgLb6hPRGJ9QsUr8ajHkuXGdrHmFUTUUXhDwVX2R5bY4JNZEwbUiMhV+MA=="
    },
    "lru-cache": {
      "version": "5.1.1",
      "resolved": "https://registry.npmjs.org/lru-cache/-/lru-cache-5.1.1.tgz",
      "integrity": "sha512-KpNARQA3Iwv+jTA0utUVVbrh+Jlrr1Fv0e56GGzAFOXN7dk/FviaDW8LHmK52DlcH4WP2n6gI8vN1aesBFgo9w==",
      "requires": {
        "yallist": "^3.0.2"
      }
    },
    "mime-db": {
      "version": "1.44.0",
      "resolved": "https://registry.npmjs.org/mime-db/-/mime-db-1.44.0.tgz",
      "integrity": "sha512-/NOTfLrsPBVeH7YtFPgsVWveuL+4SjjYxaQ1xtM1KMFj7HdxlBlxeyNLzhyJVx7r4rZGJAZ/6lkKCitSc/Nmpg=="
    },
    "mime-types": {
      "version": "2.1.27",
      "resolved": "https://registry.npmjs.org/mime-types/-/mime-types-2.1.27.tgz",
      "integrity": "sha512-JIhqnCasI9yD+SsmkquHBxTSEuZdQX5BuQnS2Vc7puQQQ+8yiP5AY5uWhpdv4YL4VM5c6iliiYWPgJ/nJQLp7w==",
      "requires": {
        "mime-db": "1.44.0"
      }
    },
    "node-fetch": {
      "version": "2.3.0",
      "resolved": "https://registry.npmjs.org/node-fetch/-/node-fetch-2.3.0.tgz",
      "integrity": "sha512-MOd8pV3fxENbryESLgVIeaGKrdl+uaYhCSSVkjeOb/31/njTpcis5aWfdqgNlHIrKOLRbMnfPINPOML2CIFeXA=="
    },
    "object-keys": {
      "version": "1.1.1",
      "resolved": "https://registry.npmjs.org/object-keys/-/object-keys-1.1.1.tgz",
      "integrity": "sha512-NuAESUOUMrlIXOfHKzD6bpPu3tYt3xvjNdRIQ+FeT0lNb4K8WR70CaDxhuNguS2XG+GjkyMwOzsN5ZktImfhLA=="
    },
    "object-path": {
      "version": "0.11.5",
      "resolved": "https://registry.npmjs.org/object-path/-/object-path-0.11.5.tgz",
      "integrity": "sha512-jgSbThcoR/s+XumvGMTMf81QVBmah+/Q7K7YduKeKVWL7N111unR2d6pZZarSk6kY/caeNxUDyxOvMWyzoU2eg=="
    },
    "object.getownpropertydescriptors": {
      "version": "2.0.3",
      "resolved": "https://registry.npmjs.org/object.getownpropertydescriptors/-/object.getownpropertydescriptors-2.0.3.tgz",
      "integrity": "sha1-h1jIRvW0B62rDyNuCYbxSwUcqhY=",
      "requires": {
        "define-properties": "^1.1.2",
        "es-abstract": "^1.5.1"
      }
    },
    "retry": {
      "version": "0.12.0",
      "resolved": "https://registry.npmjs.org/retry/-/retry-0.12.0.tgz",
      "integrity": "sha1-G0KmJmoh8HQh0bC1S33BZ7AcATs="
    },
    "safe-buffer": {
      "version": "5.1.2",
      "resolved": "https://registry.npmjs.org/safe-buffer/-/safe-buffer-5.1.2.tgz",
      "integrity": "sha512-Gd2UZBJDkXlY7GbJxfsE8/nvKkUEU1G38c1siN6QP6a9PT9MmHB8GnpscSmMJSoF8LOIrt8ud/wPtojys4G6+g=="
    },
    "setprototypeof": {
      "version": "1.1.1",
      "resolved": "https://registry.npmjs.org/setprototypeof/-/setprototypeof-1.1.1.tgz",
      "integrity": "sha512-JvdAWfbXeIGaZ9cILp38HntZSFSo3mWg6xGcJJsd+d4aRMOqauag1C63dJfDw7OaMYwEbHMOxEZ1lqVRYP2OAw=="
    },
    "sha.js": {
      "version": "2.4.11",
      "resolved": "https://registry.npmjs.org/sha.js/-/sha.js-2.4.11.tgz",
      "integrity": "sha512-QMEp5B7cftE7APOjk5Y6xgrbWu+WkLVQwk8JNjZ8nKRciZaByEW6MubieAiToS7+dwvrjGhH8jRXz3MVd0AYqQ==",
      "requires": {
        "inherits": "^2.0.1",
        "safe-buffer": "^5.0.1"
      }
    },
    "statuses": {
      "version": "1.5.0",
      "resolved": "https://registry.npmjs.org/statuses/-/statuses-1.5.0.tgz",
      "integrity": "sha1-Fhx9rBd2Wf2YEfQ3cfqZOBR4Yow="
    },
    "streamsearch": {
      "version": "0.1.2",
      "resolved": "https://registry.npmjs.org/streamsearch/-/streamsearch-0.1.2.tgz",
      "integrity": "sha1-gIudDlb8Jz2Am6VzOOkpkZoanxo="
    },
    "subscriptions-transport-ws": {
      "version": "0.9.16",
      "resolved": "https://registry.npmjs.org/subscriptions-transport-ws/-/subscriptions-transport-ws-0.9.16.tgz",
      "integrity": "sha512-pQdoU7nC+EpStXnCfh/+ho0zE0Z+ma+i7xvj7bkXKb1dvYHSZxgRPaU6spRP+Bjzow67c/rRDoix5RT0uU9omw==",
      "requires": {
        "backo2": "^1.0.2",
        "eventemitter3": "^3.1.0",
        "iterall": "^1.2.1",
        "symbol-observable": "^1.0.4",
        "ws": "^5.2.0"
      },
      "dependencies": {
        "ws": {
          "version": "5.2.2",
          "resolved": "https://registry.npmjs.org/ws/-/ws-5.2.2.tgz",
          "integrity": "sha512-jaHFD6PFv6UgoIVda6qZllptQsMlDEJkTQcybzzXDYM1XO9Y8em691FGMPmM46WGyLU4z9KMgQN+qrux/nhlHA==",
          "requires": {
            "async-limiter": "~1.0.0"
          }
        }
      }
    },
    "symbol-observable": {
      "version": "1.2.0",
      "resolved": "https://registry.npmjs.org/symbol-observable/-/symbol-observable-1.2.0.tgz",
      "integrity": "sha512-e900nM8RRtGhlV36KGEU9k65K3mPb1WV70OdjfxlG2EAuM1noi/E/BaW/uMhL7bPEssK8QV57vN3esixjUvcXQ=="
    },
    "toidentifier": {
      "version": "1.0.0",
      "resolved": "https://registry.npmjs.org/toidentifier/-/toidentifier-1.0.0.tgz",
      "integrity": "sha512-yaOH/Pk/VEhBWWTlhI+qXxDFXlejDGcQipMlyxda9nthulaxLZUNcUqFxokp0vcYnvteJln5FNQDRrxj3YcbVw=="
    },
    "ts-invariant": {
      "version": "0.3.3",
      "resolved": "https://registry.npmjs.org/ts-invariant/-/ts-invariant-0.3.3.tgz",
      "integrity": "sha512-UReOKsrJFGC9tUblgSRWo+BsVNbEd77Cl6WiV/XpMlkifXwNIJbknViCucHvVZkXSC/mcWeRnIGdY7uprcwvdQ==",
      "requires": {
        "tslib": "^1.9.3"
      }
    },
    "tslib": {
      "version": "1.9.3",
      "resolved": "https://registry.npmjs.org/tslib/-/tslib-1.9.3.tgz",
      "integrity": "sha512-4krF8scpejhaOgqzBEcGM7yDIEfi0/8+8zDRZhNZZ2kjmHJ4hv3zCbQWxoJGz1iw5U0Jl0nma13xzHXcncMavQ=="
    },
    "util.promisify": {
      "version": "1.0.0",
      "resolved": "https://registry.npmjs.org/util.promisify/-/util.promisify-1.0.0.tgz",
      "integrity": "sha512-i+6qA2MPhvoKLuxnJNpXAGhg7HphQOSUq2LKMZD0m15EiskXUkMvKdF4Uui0WYeCUGea+o2cw/ZuwehtfsrNkA==",
      "requires": {
        "define-properties": "^1.1.2",
        "object.getownpropertydescriptors": "^2.0.3"
      }
    },
    "uuid": {
      "version": "3.3.2",
      "resolved": "https://registry.npmjs.org/uuid/-/uuid-3.3.2.tgz",
      "integrity": "sha512-yXJmeNaw3DnnKAOKJE51sL/ZaYfWJRl1pK9dr19YFCu0ObS231AB1/LbqTKRAQ5kw8A90rA6fr4riOUpTZvQZA=="
    },
    "ws": {
      "version": "6.2.1",
      "resolved": "https://registry.npmjs.org/ws/-/ws-6.2.1.tgz",
      "integrity": "sha512-GIyAXC2cB7LjvpgMt9EKS2ldqr0MTrORaleiOno6TweZ6r3TKtoFQWay/2PceJ3RuBasOHzXNn5Lrw1X0bEjqA==",
      "requires": {
        "async-limiter": "~1.0.0"
      }
    },
    "xss": {
      "version": "1.0.8",
      "resolved": "https://registry.npmjs.org/xss/-/xss-1.0.8.tgz",
      "integrity": "sha512-3MgPdaXV8rfQ/pNn16Eio6VXYPTkqwa0vc7GkiymmY/DqR1SE/7VPAAVZz1GJsJFrllMYO3RHfEaiUGjab6TNw==",
      "requires": {
        "commander": "^2.20.3",
        "cssfilter": "0.0.10"
      }
    },
    "yallist": {
      "version": "3.0.3",
      "resolved": "https://registry.npmjs.org/yallist/-/yallist-3.0.3.tgz",
      "integrity": "sha512-S+Zk8DEWE6oKpV+vI3qWkaK+jSbIK86pCwe2IF/xwIpQ8jEuxpw9NyaGjmp9+BoJv5FV2piqCDcoCtStppiq2A=="
    },
    "zen-observable": {
      "version": "0.8.14",
      "resolved": "https://registry.npmjs.org/zen-observable/-/zen-observable-0.8.14.tgz",
      "integrity": "sha512-kQz39uonEjEESwh+qCi83kcC3rZJGh4mrZW7xjkSQYXkq//JZHTtKo+6yuVloTgMtzsIWOJrjIrKvk/dqm0L5g=="
    },
    "zen-observable-ts": {
      "version": "0.8.18",
      "resolved": "https://registry.npmjs.org/zen-observable-ts/-/zen-observable-ts-0.8.18.tgz",
      "integrity": "sha512-q7d05s75Rn1j39U5Oapg3HI2wzriVwERVo4N7uFGpIYuHB9ff02P/E92P9B8T7QVC93jCMHpbXH7X0eVR5LA7A==",
      "requires": {
        "tslib": "^1.9.3",
        "zen-observable": "^0.8.0"
      }
    }
  }
}
